
Microsoft Visual Studio Solution File, Format Version 12.00
# Visual Studio 15
VisualStudioVersion = 15.0.27130.2003
MinimumVisualStudioVersion = 10.0.40219.1
Project("{FAE04EC0-301F-11D3-BF4B-00C04F79EFBC}") = "Cycles", "Cycles\Cycles.csproj", "{009B01A4-1DCA-4FB1-BB45-017FB00F8BD7}"
EndProject
Project("{FAE04EC0-301F-11D3-BF4B-00C04F79EFBC}") = "CyclesTests", "CyclesTests\CyclesTests.csproj", "{E76DB82B-32B0-4A34-AD14-F7B8BFF78193}"
EndProject
Project("{FAE04EC0-301F-11D3-BF4B-00C04F79EFBC}") = "Arrays", "Arrays\Arrays.csproj", "{F626FB15-5523-4AD0-A313-77283CA16788}"
EndProject
Global
	GlobalSection(SolutionConfigurationPlatforms) = preSolution
		Debug|Any CPU = Debug|Any CPU
		Release|Any CPU = Release|Any CPU
	EndGlobalSection
	GlobalSection(ProjectConfigurationPlatforms) = postSolution
		{009B01A4-1DCA-4FB1-BB45-017FB00F8BD7}.Debug|Any CPU.ActiveCfg = Debug|Any CPU
		{009B01A4-1DCA-4FB1-BB45-017FB00F8BD7}.Debug|Any CPU.Build.0 = Debug|Any CPU
		{009B01A4-1DCA-4FB1-BB45-017FB00F8BD7}.Release|Any CPU.ActiveCfg = Release|Any CPU
		{009B01A4-1DCA-4FB1-BB45-017FB00F8BD7}.Release|Any CPU.Build.0 = Release|Any CPU
		{E76DB82B-32B0-4A34-AD14-F7B8BFF78193}.Debug|Any CPU.ActiveCfg = Debug|Any CPU
		{E76DB82B-32B0-4A34-AD14-F7B8BFF78193}.Debug|Any CPU.Build.0 = Debug|Any CPU
		{E76DB82B-32B0-4A34-AD14-F7B8BFF78193}.Release|Any CPU.ActiveCfg = Release|Any CPU
		{E76DB82B-32B0-4A34-AD14-F7B8BFF78193}.Release|Any CPU.Build.0 = Release|Any CPU
		{F626FB15-5523-4AD0-A313-77283CA16788}.Debug|Any CPU.ActiveCfg = Debug|Any CPU
		{F626FB15-5523-4AD0-A313-77283CA16788}.Debug|Any CPU.Build.0 = Debug|Any CPU
		{F626FB15-5523-4AD0-A313-77283CA16788}.Release|Any CPU.ActiveCfg = Release|Any CPU
		{F626FB15-5523-4AD0-A313-77283CA16788}.Release|Any CPU.Build.0 = Release|Any CPU
	EndGlobalSection
	GlobalSection(SolutionProperties) = preSolution
		HideSolutionNode = FALSE
	EndGlobalSection
	GlobalSection(ExtensibilityGlobals) = postSolution
		SolutionGuid = {B4FCF1C5-AAC8-400D-A64C-5E089A43D5B5}
	EndGlobalSection
EndGlobal
